// !$*UTF8*$!
{
	archiveVersion = 1;
	classes = {
	};
	objectVersion = 50;
	objects = {

/* Begin PBXBuildFile section */
		74D3FFFCD763ED25D8A421E6 /* libPods-NavCog.a in Frameworks */ = {isa = PBXBuildFile; fileRef = 7DA497787F52A193B03FBCAB /* libPods-NavCog.a */; };
		BB8172D923748E6F00367AA1 /* AppDelegate.swift in Sources */ = {isa = PBXBuildFile; fileRef = BB8172D823748E6F00367AA1 /* AppDelegate.swift */; };
		BB8172DB23748E6F00367AA1 /* SceneDelegate.swift in Sources */ = {isa = PBXBuildFile; fileRef = BB8172DA23748E6F00367AA1 /* SceneDelegate.swift */; };
		BB8172DD23748E6F00367AA1 /* ViewController.swift in Sources */ = {isa = PBXBuildFile; fileRef = BB8172DC23748E6F00367AA1 /* ViewController.swift */; };
		BB8172E023748E6F00367AA1 /* Main.storyboard in Resources */ = {isa = PBXBuildFile; fileRef = BB8172DE23748E6F00367AA1 /* Main.storyboard */; };
		BB8172E223748E7000367AA1 /* Assets.xcassets in Resources */ = {isa = PBXBuildFile; fileRef = BB8172E123748E7000367AA1 /* Assets.xcassets */; };
		BB8172E523748E7000367AA1 /* LaunchScreen.storyboard in Resources */ = {isa = PBXBuildFile; fileRef = BB8172E323748E7000367AA1 /* LaunchScreen.storyboard */; };
		BB8172EF2374A97500367AA1 /* ScanResultsViewController.swift in Sources */ = {isa = PBXBuildFile; fileRef = BB8172EE2374A97500367AA1 /* ScanResultsViewController.swift */; };
		BB8172F12374B4F500367AA1 /* BeaconTableViewCell.swift in Sources */ = {isa = PBXBuildFile; fileRef = BB8172F02374B4F500367AA1 /* BeaconTableViewCell.swift */; };
		BB8172F32374D53900367AA1 /* Beacon.swift in Sources */ = {isa = PBXBuildFile; fileRef = BB8172F22374D53900367AA1 /* Beacon.swift */; };
/* End PBXBuildFile section */

/* Begin PBXFileReference section */
		7DA497787F52A193B03FBCAB /* libPods-NavCog.a */ = {isa = PBXFileReference; explicitFileType = archive.ar; includeInIndex = 0; path = "libPods-NavCog.a"; sourceTree = BUILT_PRODUCTS_DIR; };
		BB8172D523748E6F00367AA1 /* NavCog.app */ = {isa = PBXFileReference; explicitFileType = wrapper.application; includeInIndex = 0; path = NavCog.app; sourceTree = BUILT_PRODUCTS_DIR; };
		BB8172D823748E6F00367AA1 /* AppDelegate.swift */ = {isa = PBXFileReference; lastKnownFileType = sourcecode.swift; path = AppDelegate.swift; sourceTree = "<group>"; };
		BB8172DA23748E6F00367AA1 /* SceneDelegate.swift */ = {isa = PBXFileReference; lastKnownFileType = sourcecode.swift; path = SceneDelegate.swift; sourceTree = "<group>"; };
		BB8172DC23748E6F00367AA1 /* ViewController.swift */ = {isa = PBXFileReference; lastKnownFileType = sourcecode.swift; path = ViewController.swift; sourceTree = "<group>"; };
		BB8172DF23748E6F00367AA1 /* Base */ = {isa = PBXFileReference; lastKnownFileType = file.storyboard; name = Base; path = Base.lproj/Main.storyboard; sourceTree = "<group>"; };
		BB8172E123748E7000367AA1 /* Assets.xcassets */ = {isa = PBXFileReference; lastKnownFileType = folder.assetcatalog; path = Assets.xcassets; sourceTree = "<group>"; };
		BB8172E423748E7000367AA1 /* Base */ = {isa = PBXFileReference; lastKnownFileType = file.storyboard; name = Base; path = Base.lproj/LaunchScreen.storyboard; sourceTree = "<group>"; };
		BB8172E623748E7000367AA1 /* Info.plist */ = {isa = PBXFileReference; lastKnownFileType = text.plist.xml; path = Info.plist; sourceTree = "<group>"; };
		BB8172EE2374A97500367AA1 /* ScanResultsViewController.swift */ = {isa = PBXFileReference; lastKnownFileType = sourcecode.swift; path = ScanResultsViewController.swift; sourceTree = "<group>"; };
		BB8172F02374B4F500367AA1 /* BeaconTableViewCell.swift */ = {isa = PBXFileReference; lastKnownFileType = sourcecode.swift; path = BeaconTableViewCell.swift; sourceTree = "<group>"; };
		BB8172F22374D53900367AA1 /* Beacon.swift */ = {isa = PBXFileReference; lastKnownFileType = sourcecode.swift; path = Beacon.swift; sourceTree = "<group>"; };
		CA2BDA2FDF6C88A994CDBB3B /* Pods-NavCog.release.xcconfig */ = {isa = PBXFileReference; includeInIndex = 1; lastKnownFileType = text.xcconfig; name = "Pods-NavCog.release.xcconfig"; path = "Target Support Files/Pods-NavCog/Pods-NavCog.release.xcconfig"; sourceTree = "<group>"; };
		E7C3558D16B3EBEB49B94B1E /* Pods-NavCog.debug.xcconfig */ = {isa = PBXFileReference; includeInIndex = 1; lastKnownFileType = text.xcconfig; name = "Pods-NavCog.debug.xcconfig"; path = "Target Support Files/Pods-NavCog/Pods-NavCog.debug.xcconfig"; sourceTree = "<group>"; };
/* End PBXFileReference section */

/* Begin PBXFrameworksBuildPhase section */
		BB8172D223748E6F00367AA1 /* Frameworks */ = {
			isa = PBXFrameworksBuildPhase;
			buildActionMask = 2147483647;
			files = (
				74D3FFFCD763ED25D8A421E6 /* libPods-NavCog.a in Frameworks */,
			);
			runOnlyForDeploymentPostprocessing = 0;
		};
/* End PBXFrameworksBuildPhase section */

/* Begin PBXGroup section */
		08EA44019C138E5849ADB0AA /* Pods */ = {
			isa = PBXGroup;
			children = (
				E7C3558D16B3EBEB49B94B1E /* Pods-NavCog.debug.xcconfig */,
				CA2BDA2FDF6C88A994CDBB3B /* Pods-NavCog.release.xcconfig */,
			);
			name = Pods;
			path = Pods;
			sourceTree = "<group>";
		};
		14404ACBB9EF14F442049A0E /* Frameworks */ = {
			isa = PBXGroup;
			children = (
				7DA497787F52A193B03FBCAB /* libPods-NavCog.a */,
			);
			name = Frameworks;
			sourceTree = "<group>";
		};
		BB8172CC23748E6F00367AA1 = {
			isa = PBXGroup;
			children = (
				BB8172D723748E6F00367AA1 /* NavCog */,
				BB8172D623748E6F00367AA1 /* Products */,
				08EA44019C138E5849ADB0AA /* Pods */,
				14404ACBB9EF14F442049A0E /* Frameworks */,
			);
			sourceTree = "<group>";
		};
		BB8172D623748E6F00367AA1 /* Products */ = {
			isa = PBXGroup;
			children = (
				BB8172D523748E6F00367AA1 /* NavCog.app */,
			);
			name = Products;
			sourceTree = "<group>";
		};
		BB8172D723748E6F00367AA1 /* NavCog */ = {
			isa = PBXGroup;
			children = (
				BB8172D823748E6F00367AA1 /* AppDelegate.swift */,
				BB8172DA23748E6F00367AA1 /* SceneDelegate.swift */,
				BB8172DC23748E6F00367AA1 /* ViewController.swift */,
				BB8172EE2374A97500367AA1 /* ScanResultsViewController.swift */,
				BB8172F22374D53900367AA1 /* Beacon.swift */,
				BB8172DE23748E6F00367AA1 /* Main.storyboard */,
				BB8172F02374B4F500367AA1 /* BeaconTableViewCell.swift */,
				BB8172E123748E7000367AA1 /* Assets.xcassets */,
				BB8172E323748E7000367AA1 /* LaunchScreen.storyboard */,
				BB8172E623748E7000367AA1 /* Info.plist */,
			);
			path = NavCog;
			sourceTree = "<group>";
		};
/* End PBXGroup section */

/* Begin PBXNativeTarget section */
		BB8172D423748E6F00367AA1 /* NavCog */ = {
			isa = PBXNativeTarget;
			buildConfigurationList = BB8172E923748E7000367AA1 /* Build configuration list for PBXNativeTarget "NavCog" */;
			buildPhases = (
				E15A408F6222136BC452A02E /* [CP] Check Pods Manifest.lock */,
				BB8172D123748E6F00367AA1 /* Sources */,
				BB8172D223748E6F00367AA1 /* Frameworks */,
				BB8172D323748E6F00367AA1 /* Resources */,
			);
			buildRules = (
			);
			dependencies = (
			);
			name = NavCog;
			productName = NavCog;
			productReference = BB8172D523748E6F00367AA1 /* NavCog.app */;
			productType = "com.apple.product-type.application";
		};
/* End PBXNativeTarget section */

/* Begin PBXProject section */
		BB8172CD23748E6F00367AA1 /* Project object */ = {
			isa = PBXProject;
			attributes = {
				LastSwiftUpdateCheck = 1120;
				LastUpgradeCheck = 1120;
				ORGANIZATIONNAME = "Vivek Roy";
				TargetAttributes = {
					BB8172D423748E6F00367AA1 = {
						CreatedOnToolsVersion = 11.2;
					};
				};
			};
			buildConfigurationList = BB8172D023748E6F00367AA1 /* Build configuration list for PBXProject "NavCog" */;
			compatibilityVersion = "Xcode 9.3";
			developmentRegion = en;
			hasScannedForEncodings = 0;
			knownRegions = (
				en,
				Base,
			);
			mainGroup = BB8172CC23748E6F00367AA1;
			productRefGroup = BB8172D623748E6F00367AA1 /* Products */;
			projectDirPath = "";
			projectRoot = "";
			targets = (
				BB8172D423748E6F00367AA1 /* NavCog */,
			);
		};
/* End PBXProject section */

/* Begin PBXResourcesBuildPhase section */
		BB8172D323748E6F00367AA1 /* Resources */ = {
			isa = PBXResourcesBuildPhase;
			buildActionMask = 2147483647;
			files = (
				BB8172E523748E7000367AA1 /* LaunchScreen.storyboard in Resources */,
				BB8172E223748E7000367AA1 /* Assets.xcassets in Resources */,
				BB8172E023748E6F00367AA1 /* Main.storyboard in Resources */,
			);
			runOnlyForDeploymentPostprocessing = 0;
		};
/* End PBXResourcesBuildPhase section */

/* Begin PBXShellScriptBuildPhase section */
		E15A408F6222136BC452A02E /* [CP] Check Pods Manifest.lock */ = {
			isa = PBXShellScriptBuildPhase;
			buildActionMask = 2147483647;
			files = (
			);
			inputFileListPaths = (
			);
			inputPaths = (
				"${PODS_PODFILE_DIR_PATH}/Podfile.lock",
				"${PODS_ROOT}/Manifest.lock",
			);
			name = "[CP] Check Pods Manifest.lock";
			outputFileListPaths = (
			);
			outputPaths = (
				"$(DERIVED_FILE_DIR)/Pods-NavCog-checkManifestLockResult.txt",
			);
			runOnlyForDeploymentPostprocessing = 0;
			shellPath = /bin/sh;
			shellScript = "diff \"${PODS_PODFILE_DIR_PATH}/Podfile.lock\" \"${PODS_ROOT}/Manifest.lock\" > /dev/null\nif [ $? != 0 ] ; then\n    # print error to STDERR\n    echo \"error: The sandbox is not in sync with the Podfile.lock. Run 'pod install' or update your CocoaPods installation.\" >&2\n    exit 1\nfi\n# This output is used by Xcode 'outputs' to avoid re-running this script phase.\necho \"SUCCESS\" > \"${SCRIPT_OUTPUT_FILE_0}\"\n";
			showEnvVarsInLog = 0;
		};
/* End PBXShellScriptBuildPhase section */

/* Begin PBXSourcesBuildPhase section */
		BB8172D123748E6F00367AA1 /* Sources */ = {
			isa = PBXSourcesBuildPhase;
			buildActionMask = 2147483647;
			files = (
				BB8172EF2374A97500367AA1 /* ScanResultsViewController.swift in Sources */,
				BB8172DD23748E6F00367AA1 /* ViewController.swift in Sources */,
				BB8172D923748E6F00367AA1 /* AppDelegate.swift in Sources */,
				BB8172F12374B4F500367AA1 /* BeaconTableViewCell.swift in Sources */,
				BB8172DB23748E6F00367AA1 /* SceneDelegate.swift in Sources */,
				BB8172F32374D53900367AA1 /* Beacon.swift in Sources */,
			);
			runOnlyForDeploymentPostprocessing = 0;
		};
/* End PBXSourcesBuildPhase section */

/* Begin PBXVariantGroup section */
		BB8172DE23748E6F00367AA1 /* Main.storyboard */ = {
			isa = PBXVariantGroup;
			children = (
				BB8172DF23748E6F00367AA1 /* Base */,
			);
			name = Main.storyboard;
			sourceTree = "<group>";
		};
		BB8172E323748E7000367AA1 /* LaunchScreen.storyboard */ = {
			isa = PBXVariantGroup;
			children = (
				BB8172E423748E7000367AA1 /* Base */,
			);
			name = LaunchScreen.storyboard;
			sourceTree = "<group>";
		};
/* End PBXVariantGroup section */

/* Begin XCBuildConfiguration section */
		BB8172E723748E7000367AA1 /* Debug */ = {
			isa = XCBuildConfiguration;
			buildSettings = {
				ALWAYS_SEARCH_USER_PATHS = NO;
				CLANG_ANALYZER_NONNULL = YES;
				CLANG_ANALYZER_NUMBER_OBJECT_CONVERSION = YES_AGGRESSIVE;
				CLANG_CXX_LANGUAGE_STANDARD = "gnu++14";
				CLANG_CXX_LIBRARY = "libc++";
				CLANG_ENABLE_MODULES = YES;
				CLANG_ENABLE_OBJC_ARC = YES;
				CLANG_ENABLE_OBJC_WEAK = YES;
				CLANG_WARN_BLOCK_CAPTURE_AUTORELEASING = YES;
				CLANG_WARN_BOOL_CONVERSION = YES;
				CLANG_WARN_COMMA = YES;
				CLANG_WARN_CONSTANT_CONVERSION = YES;
				CLANG_WARN_DEPRECATED_OBJC_IMPLEMENTATIONS = YES;
				CLANG_WARN_DIRECT_OBJC_ISA_USAGE = YES_ERROR;
				CLANG_WARN_DOCUMENTATION_COMMENTS = YES;
				CLANG_WARN_EMPTY_BODY = YES;
				CLANG_WARN_ENUM_CONVERSION = YES;
				CLANG_WARN_INFINITE_RECURSION = YES;
				CLANG_WARN_INT_CONVERSION = YES;
				CLANG_WARN_NON_LITERAL_NULL_CONVERSION = YES;
				CLANG_WARN_OBJC_IMPLICIT_RETAIN_SELF = YES;
				CLANG_WARN_OBJC_LITERAL_CONVERSION = YES;
				CLANG_WARN_OBJC_ROOT_CLASS = YES_ERROR;
				CLANG_WARN_RANGE_LOOP_ANALYSIS = YES;
				CLANG_WARN_STRICT_PROTOTYPES = YES;
				CLANG_WARN_SUSPICIOUS_MOVE = YES;
				CLANG_WARN_UNGUARDED_AVAILABILITY = YES_AGGRESSIVE;
				CLANG_WARN_UNREACHABLE_CODE = YES;
				CLANG_WARN__DUPLICATE_METHOD_MATCH = YES;
				COPY_PHASE_STRIP = NO;
				DEBUG_INFORMATION_FORMAT = dwarf;
				ENABLE_STRICT_OBJC_MSGSEND = YES;
				ENABLE_TESTABILITY = YES;
				GCC_C_LANGUAGE_STANDARD = gnu11;
				GCC_DYNAMIC_NO_PIC = NO;
				GCC_NO_COMMON_BLOCKS = YES;
				GCC_OPTIMIZATION_LEVEL = 0;
				GCC_PREPROCESSOR_DEFINITIONS = (
					"DEBUG=1",
					"$(inherited)",
				);
				GCC_WARN_64_TO_32_BIT_CONVERSION = YES;
				GCC_WARN_ABOUT_RETURN_TYPE = YES_ERROR;
				GCC_WARN_UNDECLARED_SELECTOR = YES;
				GCC_WARN_UNINITIALIZED_AUTOS = YES_AGGRESSIVE;
				GCC_WARN_UNUSED_FUNCTION = YES;
				GCC_WARN_UNUSED_VARIABLE = YES;
				IPHONEOS_DEPLOYMENT_TARGET = 13.2;
				MTL_ENABLE_DEBUG_INFO = INCLUDE_SOURCE;
				MTL_FAST_MATH = YES;
				ONLY_ACTIVE_ARCH = YES;
				SDKROOT = iphoneos;
				SWIFT_ACTIVE_COMPILATION_CONDITIONS = DEBUG;
				SWIFT_OPTIMIZATION_LEVEL = "-Onone";
			};
			name = Debug;
		};
		BB8172E823748E7000367AA1 /* Release */ = {
			isa = XCBuildConfiguration;
			buildSettings = {
				ALWAYS_SEARCH_USER_PATHS = NO;
				CLANG_ANALYZER_NONNULL = YES;
				CLANG_ANALYZER_NUMBER_OBJECT_CONVERSION = YES_AGGRESSIVE;
				CLANG_CXX_LANGUAGE_STANDARD = "gnu++14";
				CLANG_CXX_LIBRARY = "libc++";
				CLANG_ENABLE_MODULES = YES;
				CLANG_ENABLE_OBJC_ARC = YES;
				CLANG_ENABLE_OBJC_WEAK = YES;
				CLANG_WARN_BLOCK_CAPTURE_AUTORELEASING = YES;
				CLANG_WARN_BOOL_CONVERSION = YES;
				CLANG_WARN_COMMA = YES;
				CLANG_WARN_CONSTANT_CONVERSION = YES;
				CLANG_WARN_DEPRECATED_OBJC_IMPLEMENTATIONS = YES;
				CLANG_WARN_DIRECT_OBJC_ISA_USAGE = YES_ERROR;
				CLANG_WARN_DOCUMENTATION_COMMENTS = YES;
				CLANG_WARN_EMPTY_BODY = YES;
				CLANG_WARN_ENUM_CONVERSION = YES;
				CLANG_WARN_INFINITE_RECURSION = YES;
				CLANG_WARN_INT_CONVERSION = YES;
				CLANG_WARN_NON_LITERAL_NULL_CONVERSION = YES;
				CLANG_WARN_OBJC_IMPLICIT_RETAIN_SELF = YES;
				CLANG_WARN_OBJC_LITERAL_CONVERSION = YES;
				CLANG_WARN_OBJC_ROOT_CLASS = YES_ERROR;
				CLANG_WARN_RANGE_LOOP_ANALYSIS = YES;
				CLANG_WARN_STRICT_PROTOTYPES = YES;
				CLANG_WARN_SUSPICIOUS_MOVE = YES;
				CLANG_WARN_UNGUARDED_AVAILABILITY = YES_AGGRESSIVE;
				CLANG_WARN_UNREACHABLE_CODE = YES;
				CLANG_WARN__DUPLICATE_METHOD_MATCH = YES;
				COPY_PHASE_STRIP = NO;
				DEBUG_INFORMATION_FORMAT = "dwarf-with-dsym";
				ENABLE_NS_ASSERTIONS = NO;
				ENABLE_STRICT_OBJC_MSGSEND = YES;
				GCC_C_LANGUAGE_STANDARD = gnu11;
				GCC_NO_COMMON_BLOCKS = YES;
				GCC_WARN_64_TO_32_BIT_CONVERSION = YES;
				GCC_WARN_ABOUT_RETURN_TYPE = YES_ERROR;
				GCC_WARN_UNDECLARED_SELECTOR = YES;
				GCC_WARN_UNINITIALIZED_AUTOS = YES_AGGRESSIVE;
				GCC_WARN_UNUSED_FUNCTION = YES;
				GCC_WARN_UNUSED_VARIABLE = YES;
				IPHONEOS_DEPLOYMENT_TARGET = 13.2;
				MTL_ENABLE_DEBUG_INFO = NO;
				MTL_FAST_MATH = YES;
				SDKROOT = iphoneos;
				SWIFT_COMPILATION_MODE = wholemodule;
				SWIFT_OPTIMIZATION_LEVEL = "-O";
				VALIDATE_PRODUCT = YES;
			};
			name = Release;
		};
		BB8172EA23748E7000367AA1 /* Debug */ = {
			isa = XCBuildConfiguration;
			baseConfigurationReference = E7C3558D16B3EBEB49B94B1E /* Pods-NavCog.debug.xcconfig */;
			buildSettings = {
				ASSETCATALOG_COMPILER_APPICON_NAME = AppIcon;
				CODE_SIGN_STYLE = Automatic;
				DEVELOPMENT_TEAM = 62HJZYJ9K4;
				INFOPLIST_FILE = NavCog/Info.plist;
				LD_RUNPATH_SEARCH_PATHS = (
					"$(inherited)",
					"@executable_path/Frameworks",
				);
				PRODUCT_BUNDLE_IDENTIFIER = com.vivekroy.NavCog;
				PRODUCT_NAME = "$(TARGET_NAME)";
				SWIFT_VERSION = 5.0;
				TARGETED_DEVICE_FAMILY = "1,2";
			};
			name = Debug;
		};
		BB8172EB23748E7000367AA1 /* Release */ = {
			isa = XCBuildConfiguration;
			baseConfigurationReference = CA2BDA2FDF6C88A994CDBB3B /* Pods-NavCog.release.xcconfig */;
			buildSettings = {
				ASSETCATALOG_COMPILER_APPICON_NAME = AppIcon;
				CODE_SIGN_STYLE = Automatic;
				DEVELOPMENT_TEAM = 62HJZYJ9K4;
				INFOPLIST_FILE = NavCog/Info.plist;
				LD_RUNPATH_SEARCH_PATHS = (
					"$(inherited)",
					"@executable_path/Frameworks",
				);
				PRODUCT_BUNDLE_IDENTIFIER = com.vivekroy.NavCog;
				PRODUCT_NAME = "$(TARGET_NAME)";
				SWIFT_VERSION = 5.0;
				TARGETED_DEVICE_FAMILY = "1,2";
			};
			name = Release;
		};
/* End XCBuildConfiguration section */

/* Begin XCConfigurationList section */
		BB8172D023748E6F00367AA1 /* Build configuration list for PBXProject "NavCog" */ = {
			isa = XCConfigurationList;
			buildConfigurations = (
				BB8172E723748E7000367AA1 /* Debug */,
				BB8172E823748E7000367AA1 /* Release */,
			);
			defaultConfigurationIsVisible = 0;
			defaultConfigurationName = Release;
		};
		BB8172E923748E7000367AA1 /* Build configuration list for PBXNativeTarget "NavCog" */ = {
			isa = XCConfigurationList;
			buildConfigurations = (
				BB8172EA23748E7000367AA1 /* Debug */,
				BB8172EB23748E7000367AA1 /* Release */,
			);
			defaultConfigurationIsVisible = 0;
			defaultConfigurationName = Release;
		};
/* End XCConfigurationList section */
	};
	rootObject = BB8172CD23748E6F00367AA1 /* Project object */;
}
